// !$*UTF8*$!
{
	archiveVersion = 1;
	classes = {
	};
	objectVersion = 50;
	objects = {

/* Begin PBXBuildFile section */
		0A23F3BB223D5C5100DC9B24 /* Presenter.swift in Sources */ = {isa = PBXBuildFile; fileRef = 0A23F3BA223D5C5100DC9B24 /* Presenter.swift */; };
		0A540622223D27E00013CFA9 /* ModelHzItem.swift in Sources */ = {isa = PBXBuildFile; fileRef = 0A540621223D27E00013CFA9 /* ModelHzItem.swift */; };
		0A540624223D28640013CFA9 /* ModelPictureItem.swift in Sources */ = {isa = PBXBuildFile; fileRef = 0A540623223D28640013CFA9 /* ModelPictureItem.swift */; };
		0A540626223D29600013CFA9 /* ModelSelectorItem.swift in Sources */ = {isa = PBXBuildFile; fileRef = 0A540625223D29600013CFA9 /* ModelSelectorItem.swift */; };
		0A57B87A223BF6150009851D /* SelectorCell.swift in Sources */ = {isa = PBXBuildFile; fileRef = 0A57B878223BF6150009851D /* SelectorCell.swift */; };
		0A57B87B223BF6150009851D /* SelectorCell.xib in Resources */ = {isa = PBXBuildFile; fileRef = 0A57B879223BF6150009851D /* SelectorCell.xib */; };
		0A57B881223BF6690009851D /* HzCell.swift in Sources */ = {isa = PBXBuildFile; fileRef = 0A57B87F223BF6690009851D /* HzCell.swift */; };
		0A57B882223BF6690009851D /* HzCell.xib in Resources */ = {isa = PBXBuildFile; fileRef = 0A57B880223BF6690009851D /* HzCell.xib */; };
		0A57B885223BF6870009851D /* PictureCell.swift in Sources */ = {isa = PBXBuildFile; fileRef = 0A57B883223BF6870009851D /* PictureCell.swift */; };
		0A57B886223BF6870009851D /* PictureCell.xib in Resources */ = {isa = PBXBuildFile; fileRef = 0A57B884223BF6870009851D /* PictureCell.xib */; };
		0A60AE8E2236CDD30093FD1E /* AppDelegate.swift in Sources */ = {isa = PBXBuildFile; fileRef = 0A60AE8D2236CDD30093FD1E /* AppDelegate.swift */; };
		0A60AE902236CDD30093FD1E /* PryanikyMainView.swift in Sources */ = {isa = PBXBuildFile; fileRef = 0A60AE8F2236CDD30093FD1E /* PryanikyMainView.swift */; };
		0A60AE932236CDD30093FD1E /* Pryaniky.storyboard in Resources */ = {isa = PBXBuildFile; fileRef = 0A60AE912236CDD30093FD1E /* Pryaniky.storyboard */; };
		0A60AE952236CDD60093FD1E /* Assets.xcassets in Resources */ = {isa = PBXBuildFile; fileRef = 0A60AE942236CDD60093FD1E /* Assets.xcassets */; };
		0A60AE982236CDD60093FD1E /* LaunchScreen.storyboard in Resources */ = {isa = PBXBuildFile; fileRef = 0A60AE962236CDD60093FD1E /* LaunchScreen.storyboard */; };
		0A60AEB02237EA690093FD1E /* DictionaryData.swift in Sources */ = {isa = PBXBuildFile; fileRef = 0A60AEAF2237EA690093FD1E /* DictionaryData.swift */; };
		0A60AEB22237F12B0093FD1E /* SelectorVariantsData.swift in Sources */ = {isa = PBXBuildFile; fileRef = 0A60AEB12237F12B0093FD1E /* SelectorVariantsData.swift */; };
		0A60AEC6223806310093FD1E /* Object.swift in Sources */ = {isa = PBXBuildFile; fileRef = 0A60AEC5223806310093FD1E /* Object.swift */; };
		0A60AECB223824FA0093FD1E /* DataContainer.swift in Sources */ = {isa = PBXBuildFile; fileRef = 0A60AECA223824FA0093FD1E /* DataContainer.swift */; };
		0AE1D75A224E21D900753754 /* ModelAudioItem.swift in Sources */ = {isa = PBXBuildFile; fileRef = 0AE1D759224E21D900753754 /* ModelAudioItem.swift */; };
		0AE1D75D224E21F800753754 /* ModelVideoItem.swift in Sources */ = {isa = PBXBuildFile; fileRef = 0AE1D75C224E21F800753754 /* ModelVideoItem.swift */; };
		0AE1D762224E245100753754 /* VideoCell.swift in Sources */ = {isa = PBXBuildFile; fileRef = 0AE1D760224E245100753754 /* VideoCell.swift */; };
		0AE1D763224E245100753754 /* VideoCell.xib in Resources */ = {isa = PBXBuildFile; fileRef = 0AE1D761224E245100753754 /* VideoCell.xib */; };
		0AE1D768224E249500753754 /* AudioCell.swift in Sources */ = {isa = PBXBuildFile; fileRef = 0AE1D766224E249500753754 /* AudioCell.swift */; };
		0AE1D769224E249500753754 /* AudioCell.xib in Resources */ = {isa = PBXBuildFile; fileRef = 0AE1D767224E249500753754 /* AudioCell.xib */; };
		0AFCB7E3223AAEDE008C31F3 /* ModelItemType.swift in Sources */ = {isa = PBXBuildFile; fileRef = 0AFCB7E2223AAEDE008C31F3 /* ModelItemType.swift */; };
		406EFE45A3D3B84BE7FC7F2D /* Pods_PryanikyTest.framework in Frameworks */ = {isa = PBXBuildFile; fileRef = ADDA35B99E678CB95FA24969 /* Pods_PryanikyTest.framework */; };
/* End PBXBuildFile section */

/* Begin PBXFileReference section */
		0A23F3BA223D5C5100DC9B24 /* Presenter.swift */ = {isa = PBXFileReference; lastKnownFileType = sourcecode.swift; path = Presenter.swift; sourceTree = "<group>"; };
		0A540621223D27E00013CFA9 /* ModelHzItem.swift */ = {isa = PBXFileReference; lastKnownFileType = sourcecode.swift; path = ModelHzItem.swift; sourceTree = "<group>"; };
		0A540623223D28640013CFA9 /* ModelPictureItem.swift */ = {isa = PBXFileReference; lastKnownFileType = sourcecode.swift; path = ModelPictureItem.swift; sourceTree = "<group>"; };
		0A540625223D29600013CFA9 /* ModelSelectorItem.swift */ = {isa = PBXFileReference; lastKnownFileType = sourcecode.swift; path = ModelSelectorItem.swift; sourceTree = "<group>"; };
		0A57B878223BF6150009851D /* SelectorCell.swift */ = {isa = PBXFileReference; lastKnownFileType = sourcecode.swift; path = SelectorCell.swift; sourceTree = "<group>"; };
		0A57B879223BF6150009851D /* SelectorCell.xib */ = {isa = PBXFileReference; lastKnownFileType = file.xib; path = SelectorCell.xib; sourceTree = "<group>"; };
		0A57B87F223BF6690009851D /* HzCell.swift */ = {isa = PBXFileReference; lastKnownFileType = sourcecode.swift; path = HzCell.swift; sourceTree = "<group>"; };
		0A57B880223BF6690009851D /* HzCell.xib */ = {isa = PBXFileReference; lastKnownFileType = file.xib; path = HzCell.xib; sourceTree = "<group>"; };
		0A57B883223BF6870009851D /* PictureCell.swift */ = {isa = PBXFileReference; lastKnownFileType = sourcecode.swift; path = PictureCell.swift; sourceTree = "<group>"; };
		0A57B884223BF6870009851D /* PictureCell.xib */ = {isa = PBXFileReference; lastKnownFileType = file.xib; path = PictureCell.xib; sourceTree = "<group>"; };
		0A60AE8A2236CDD30093FD1E /* PryanikyTest.app */ = {isa = PBXFileReference; explicitFileType = wrapper.application; includeInIndex = 0; path = PryanikyTest.app; sourceTree = BUILT_PRODUCTS_DIR; };
		0A60AE8D2236CDD30093FD1E /* AppDelegate.swift */ = {isa = PBXFileReference; lastKnownFileType = sourcecode.swift; path = AppDelegate.swift; sourceTree = "<group>"; };
		0A60AE8F2236CDD30093FD1E /* PryanikyMainView.swift */ = {isa = PBXFileReference; lastKnownFileType = sourcecode.swift; path = PryanikyMainView.swift; sourceTree = "<group>"; };
		0A60AE922236CDD30093FD1E /* Base */ = {isa = PBXFileReference; lastKnownFileType = file.storyboard; name = Base; path = Base.lproj/Pryaniky.storyboard; sourceTree = "<group>"; };
		0A60AE942236CDD60093FD1E /* Assets.xcassets */ = {isa = PBXFileReference; lastKnownFileType = folder.assetcatalog; path = Assets.xcassets; sourceTree = "<group>"; };
		0A60AE972236CDD60093FD1E /* Base */ = {isa = PBXFileReference; lastKnownFileType = file.storyboard; name = Base; path = Base.lproj/LaunchScreen.storyboard; sourceTree = "<group>"; };
		0A60AE992236CDD60093FD1E /* Info.plist */ = {isa = PBXFileReference; lastKnownFileType = text.plist.xml; path = Info.plist; sourceTree = "<group>"; };
		0A60AEAF2237EA690093FD1E /* DictionaryData.swift */ = {isa = PBXFileReference; lastKnownFileType = sourcecode.swift; path = DictionaryData.swift; sourceTree = "<group>"; };
		0A60AEB12237F12B0093FD1E /* SelectorVariantsData.swift */ = {isa = PBXFileReference; lastKnownFileType = sourcecode.swift; path = SelectorVariantsData.swift; sourceTree = "<group>"; };
		0A60AEC5223806310093FD1E /* Object.swift */ = {isa = PBXFileReference; lastKnownFileType = sourcecode.swift; path = Object.swift; sourceTree = "<group>"; };
		0A60AECA223824FA0093FD1E /* DataContainer.swift */ = {isa = PBXFileReference; lastKnownFileType = sourcecode.swift; path = DataContainer.swift; sourceTree = "<group>"; };
		0AE1D759224E21D900753754 /* ModelAudioItem.swift */ = {isa = PBXFileReference; lastKnownFileType = sourcecode.swift; path = ModelAudioItem.swift; sourceTree = "<group>"; };
		0AE1D75C224E21F800753754 /* ModelVideoItem.swift */ = {isa = PBXFileReference; lastKnownFileType = sourcecode.swift; path = ModelVideoItem.swift; sourceTree = "<group>"; };
		0AE1D760224E245100753754 /* VideoCell.swift */ = {isa = PBXFileReference; lastKnownFileType = sourcecode.swift; path = VideoCell.swift; sourceTree = "<group>"; };
		0AE1D761224E245100753754 /* VideoCell.xib */ = {isa = PBXFileReference; lastKnownFileType = file.xib; path = VideoCell.xib; sourceTree = "<group>"; };
		0AE1D766224E249500753754 /* AudioCell.swift */ = {isa = PBXFileReference; lastKnownFileType = sourcecode.swift; path = AudioCell.swift; sourceTree = "<group>"; };
		0AE1D767224E249500753754 /* AudioCell.xib */ = {isa = PBXFileReference; lastKnownFileType = file.xib; path = AudioCell.xib; sourceTree = "<group>"; };
		0AFCB7E2223AAEDE008C31F3 /* ModelItemType.swift */ = {isa = PBXFileReference; lastKnownFileType = sourcecode.swift; path = ModelItemType.swift; sourceTree = "<group>"; };
		158A23636600FFB935394964 /* Pods-PryanikyTest.debug.xcconfig */ = {isa = PBXFileReference; includeInIndex = 1; lastKnownFileType = text.xcconfig; name = "Pods-PryanikyTest.debug.xcconfig"; path = "Pods/Target Support Files/Pods-PryanikyTest/Pods-PryanikyTest.debug.xcconfig"; sourceTree = "<group>"; };
		50BEF4C38EAC4F907DEBA6C9 /* Pods-PryanikyTest.release.xcconfig */ = {isa = PBXFileReference; includeInIndex = 1; lastKnownFileType = text.xcconfig; name = "Pods-PryanikyTest.release.xcconfig"; path = "Pods/Target Support Files/Pods-PryanikyTest/Pods-PryanikyTest.release.xcconfig"; sourceTree = "<group>"; };
		ADDA35B99E678CB95FA24969 /* Pods_PryanikyTest.framework */ = {isa = PBXFileReference; explicitFileType = wrapper.framework; includeInIndex = 0; path = Pods_PryanikyTest.framework; sourceTree = BUILT_PRODUCTS_DIR; };
/* End PBXFileReference section */

/* Begin PBXFrameworksBuildPhase section */
		0A60AE872236CDD30093FD1E /* Frameworks */ = {
			isa = PBXFrameworksBuildPhase;
			buildActionMask = 2147483647;
			files = (
				406EFE45A3D3B84BE7FC7F2D /* Pods_PryanikyTest.framework in Frameworks */,
			);
			runOnlyForDeploymentPostprocessing = 0;
		};
/* End PBXFrameworksBuildPhase section */

/* Begin PBXGroup section */
		0A540629223D3D990013CFA9 /* ModelItems */ = {
			isa = PBXGroup;
			children = (
				0A540621223D27E00013CFA9 /* ModelHzItem.swift */,
				0A540623223D28640013CFA9 /* ModelPictureItem.swift */,
				0A540625223D29600013CFA9 /* ModelSelectorItem.swift */,
				0AE1D759224E21D900753754 /* ModelAudioItem.swift */,
				0AE1D75C224E21F800753754 /* ModelVideoItem.swift */,
			);
			name = ModelItems;
			sourceTree = "<group>";
		};
		0A57B874223BF56F0009851D /* Custom Cell */ = {
			isa = PBXGroup;
			children = (
				0AE1D75F224E23FE00753754 /* VideoCell */,
				0AE1D75E224E23F400753754 /* AudioCell */,
				0A57B87E223BF6500009851D /* HzCell */,
				0A57B87D223BF6360009851D /* PictureCell */,
				0A57B87C223BF6240009851D /* SelectorCell */,
			);
			path = "Custom Cell";
			sourceTree = "<group>";
		};
		0A57B87C223BF6240009851D /* SelectorCell */ = {
			isa = PBXGroup;
			children = (
				0A57B878223BF6150009851D /* SelectorCell.swift */,
				0A57B879223BF6150009851D /* SelectorCell.xib */,
			);
			path = SelectorCell;
			sourceTree = "<group>";
		};
		0A57B87D223BF6360009851D /* PictureCell */ = {
			isa = PBXGroup;
			children = (
				0A57B883223BF6870009851D /* PictureCell.swift */,
				0A57B884223BF6870009851D /* PictureCell.xib */,
			);
			path = PictureCell;
			sourceTree = "<group>";
		};
		0A57B87E223BF6500009851D /* HzCell */ = {
			isa = PBXGroup;
			children = (
				0A57B87F223BF6690009851D /* HzCell.swift */,
				0A57B880223BF6690009851D /* HzCell.xib */,
			);
			path = HzCell;
			sourceTree = "<group>";
		};
		0A60AE812236CDD30093FD1E = {
			isa = PBXGroup;
			children = (
				0A60AE8C2236CDD30093FD1E /* PryanikyTest */,
				0A60AE8B2236CDD30093FD1E /* Products */,
				530756BD04595C63311B96BF /* Pods */,
				DC5D4971CC28FADADBF5F80C /* Frameworks */,
			);
			sourceTree = "<group>";
		};
		0A60AE8B2236CDD30093FD1E /* Products */ = {
			isa = PBXGroup;
			children = (
				0A60AE8A2236CDD30093FD1E /* PryanikyTest.app */,
			);
			name = Products;
			sourceTree = "<group>";
		};
		0A60AE8C2236CDD30093FD1E /* PryanikyTest */ = {
			isa = PBXGroup;
			children = (
				0A60AEA82236E4BA0093FD1E /* Model */,
				0A60AEA92236E4C00093FD1E /* View */,
				0A60AEAA2236E4C80093FD1E /* Presenter */,
				0A60AEA62236E3BB0093FD1E /* Supporting files */,
			);
			path = PryanikyTest;
			sourceTree = "<group>";
		};
		0A60AEA62236E3BB0093FD1E /* Supporting files */ = {
			isa = PBXGroup;
			children = (
				0A60AE942236CDD60093FD1E /* Assets.xcassets */,
				0A60AE992236CDD60093FD1E /* Info.plist */,
			);
			path = "Supporting files";
			sourceTree = "<group>";
		};
		0A60AEA82236E4BA0093FD1E /* Model */ = {
			isa = PBXGroup;
			children = (
				0A60AEB52237F2A00093FD1E /* ObjectData */,
				0A540629223D3D990013CFA9 /* ModelItems */,
				0AFCB7E2223AAEDE008C31F3 /* ModelItemType.swift */,
			);
			path = Model;
			sourceTree = "<group>";
		};
		0A60AEA92236E4C00093FD1E /* View */ = {
			isa = PBXGroup;
			children = (
				0A60AE912236CDD30093FD1E /* Pryaniky.storyboard */,
				0A60AE962236CDD60093FD1E /* LaunchScreen.storyboard */,
				0A60AE8F2236CDD30093FD1E /* PryanikyMainView.swift */,
				0A57B874223BF56F0009851D /* Custom Cell */,
			);
			path = View;
			sourceTree = "<group>";
		};
		0A60AEAA2236E4C80093FD1E /* Presenter */ = {
			isa = PBXGroup;
			children = (
				0A23F3BA223D5C5100DC9B24 /* Presenter.swift */,
				0A60AE8D2236CDD30093FD1E /* AppDelegate.swift */,
			);
			path = Presenter;
			sourceTree = "<group>";
		};
		0A60AEB52237F2A00093FD1E /* ObjectData */ = {
			isa = PBXGroup;
			children = (
				0A60AEC5223806310093FD1E /* Object.swift */,
				0A60AEAF2237EA690093FD1E /* DictionaryData.swift */,
				0A60AECA223824FA0093FD1E /* DataContainer.swift */,
				0A60AEB12237F12B0093FD1E /* SelectorVariantsData.swift */,
			);
			name = ObjectData;
			sourceTree = "<group>";
		};
		0AE1D75E224E23F400753754 /* AudioCell */ = {
			isa = PBXGroup;
			children = (
				0AE1D766224E249500753754 /* AudioCell.swift */,
				0AE1D767224E249500753754 /* AudioCell.xib */,
			);
			path = AudioCell;
			sourceTree = "<group>";
		};
		0AE1D75F224E23FE00753754 /* VideoCell */ = {
			isa = PBXGroup;
			children = (
				0AE1D760224E245100753754 /* VideoCell.swift */,
				0AE1D761224E245100753754 /* VideoCell.xib */,
			);
			path = VideoCell;
			sourceTree = "<group>";
		};
		530756BD04595C63311B96BF /* Pods */ = {
			isa = PBXGroup;
			children = (
				158A23636600FFB935394964 /* Pods-PryanikyTest.debug.xcconfig */,
				50BEF4C38EAC4F907DEBA6C9 /* Pods-PryanikyTest.release.xcconfig */,
			);
			name = Pods;
			sourceTree = "<group>";
		};
		DC5D4971CC28FADADBF5F80C /* Frameworks */ = {
			isa = PBXGroup;
			children = (
				ADDA35B99E678CB95FA24969 /* Pods_PryanikyTest.framework */,
			);
			name = Frameworks;
			sourceTree = "<group>";
		};
/* End PBXGroup section */

/* Begin PBXNativeTarget section */
		0A60AE892236CDD30093FD1E /* PryanikyTest */ = {
			isa = PBXNativeTarget;
			buildConfigurationList = 0A60AE9C2236CDD60093FD1E /* Build configuration list for PBXNativeTarget "PryanikyTest" */;
			buildPhases = (
				B9944F8C9238DE777B719B23 /* [CP] Check Pods Manifest.lock */,
				0A60AE862236CDD30093FD1E /* Sources */,
				0A60AE872236CDD30093FD1E /* Frameworks */,
				0A60AE882236CDD30093FD1E /* Resources */,
				7DA75711A45CABFCA7617B7B /* [CP] Embed Pods Frameworks */,
			);
			buildRules = (
			);
			dependencies = (
			);
			name = PryanikyTest;
			productName = PryanikyTest;
			productReference = 0A60AE8A2236CDD30093FD1E /* PryanikyTest.app */;
			productType = "com.apple.product-type.application";
		};
/* End PBXNativeTarget section */

/* Begin PBXProject section */
		0A60AE822236CDD30093FD1E /* Project object */ = {
			isa = PBXProject;
			attributes = {
				LastSwiftUpdateCheck = 1010;
				LastUpgradeCheck = 1010;
				ORGANIZATIONNAME = Madwor1d3;
				TargetAttributes = {
					0A60AE892236CDD30093FD1E = {
						CreatedOnToolsVersion = 10.1;
						LastSwiftMigration = 1020;
					};
				};
			};
			buildConfigurationList = 0A60AE852236CDD30093FD1E /* Build configuration list for PBXProject "PryanikyTest" */;
			compatibilityVersion = "Xcode 9.3";
			developmentRegion = en;
			hasScannedForEncodings = 0;
			knownRegions = (
				en,
				Base,
			);
			mainGroup = 0A60AE812236CDD30093FD1E;
			productRefGroup = 0A60AE8B2236CDD30093FD1E /* Products */;
			projectDirPath = "";
			projectRoot = "";
			targets = (
				0A60AE892236CDD30093FD1E /* PryanikyTest */,
			);
		};
/* End PBXProject section */

/* Begin PBXResourcesBuildPhase section */
		0A60AE882236CDD30093FD1E /* Resources */ = {
			isa = PBXResourcesBuildPhase;
			buildActionMask = 2147483647;
			files = (
				0AE1D769224E249500753754 /* AudioCell.xib in Resources */,
				0A60AE982236CDD60093FD1E /* LaunchScreen.storyboard in Resources */,
				0A60AE952236CDD60093FD1E /* Assets.xcassets in Resources */,
				0AE1D763224E245100753754 /* VideoCell.xib in Resources */,
				0A57B886223BF6870009851D /* PictureCell.xib in Resources */,
				0A57B87B223BF6150009851D /* SelectorCell.xib in Resources */,
				0A60AE932236CDD30093FD1E /* Pryaniky.storyboard in Resources */,
				0A57B882223BF6690009851D /* HzCell.xib in Resources */,
			);
			runOnlyForDeploymentPostprocessing = 0;
		};
/* End PBXResourcesBuildPhase section */

/* Begin PBXShellScriptBuildPhase section */
		7DA75711A45CABFCA7617B7B /* [CP] Embed Pods Frameworks */ = {
			isa = PBXShellScriptBuildPhase;
			buildActionMask = 2147483647;
			files = (
			);
			inputFileListPaths = (
			);
			inputPaths = (
				"${SRCROOT}/Pods/Target Support Files/Pods-PryanikyTest/Pods-PryanikyTest-frameworks.sh",
				"${BUILT_PRODUCTS_DIR}/Kingfisher/Kingfisher.framework",
			);
			name = "[CP] Embed Pods Frameworks";
			outputFileListPaths = (
			);
			outputPaths = (
				"${TARGET_BUILD_DIR}/${FRAMEWORKS_FOLDER_PATH}/Kingfisher.framework",
			);
			runOnlyForDeploymentPostprocessing = 0;
			shellPath = /bin/sh;
			shellScript = "\"${SRCROOT}/Pods/Target Support Files/Pods-PryanikyTest/Pods-PryanikyTest-frameworks.sh\"\n";
			showEnvVarsInLog = 0;
		};
		B9944F8C9238DE777B719B23 /* [CP] Check Pods Manifest.lock */ = {
			isa = PBXShellScriptBuildPhase;
			buildActionMask = 2147483647;
			files = (
			);
			inputFileListPaths = (
			);
			inputPaths = (
				"${PODS_PODFILE_DIR_PATH}/Podfile.lock",
				"${PODS_ROOT}/Manifest.lock",
			);
			name = "[CP] Check Pods Manifest.lock";
			outputFileListPaths = (
			);
			outputPaths = (
				"$(DERIVED_FILE_DIR)/Pods-PryanikyTest-checkManifestLockResult.txt",
			);
			runOnlyForDeploymentPostprocessing = 0;
			shellPath = /bin/sh;
			shellScript = "diff \"${PODS_PODFILE_DIR_PATH}/Podfile.lock\" \"${PODS_ROOT}/Manifest.lock\" > /dev/null\nif [ $? != 0 ] ; then\n    # print error to STDERR\n    echo \"error: The sandbox is not in sync with the Podfile.lock. Run 'pod install' or update your CocoaPods installation.\" >&2\n    exit 1\nfi\n# This output is used by Xcode 'outputs' to avoid re-running this script phase.\necho \"SUCCESS\" > \"${SCRIPT_OUTPUT_FILE_0}\"\n";
			showEnvVarsInLog = 0;
		};
/* End PBXShellScriptBuildPhase section */

/* Begin PBXSourcesBuildPhase section */
		0A60AE862236CDD30093FD1E /* Sources */ = {
			isa = PBXSourcesBuildPhase;
			buildActionMask = 2147483647;
			files = (
				0AE1D75A224E21D900753754 /* ModelAudioItem.swift in Sources */,
				0A60AEB02237EA690093FD1E /* DictionaryData.swift in Sources */,
				0AE1D768224E249500753754 /* AudioCell.swift in Sources */,
				0A540622223D27E00013CFA9 /* ModelHzItem.swift in Sources */,
				0A60AEB22237F12B0093FD1E /* SelectorVariantsData.swift in Sources */,
				0A540624223D28640013CFA9 /* ModelPictureItem.swift in Sources */,
				0A540626223D29600013CFA9 /* ModelSelectorItem.swift in Sources */,
				0AE1D75D224E21F800753754 /* ModelVideoItem.swift in Sources */,
				0A60AE902236CDD30093FD1E /* PryanikyMainView.swift in Sources */,
				0AE1D762224E245100753754 /* VideoCell.swift in Sources */,
				0A60AEC6223806310093FD1E /* Object.swift in Sources */,
				0A60AE8E2236CDD30093FD1E /* AppDelegate.swift in Sources */,
				0A23F3BB223D5C5100DC9B24 /* Presenter.swift in Sources */,
				0A60AECB223824FA0093FD1E /* DataContainer.swift in Sources */,
				0AFCB7E3223AAEDE008C31F3 /* ModelItemType.swift in Sources */,
				0A57B87A223BF6150009851D /* SelectorCell.swift in Sources */,
				0A57B881223BF6690009851D /* HzCell.swift in Sources */,
				0A57B885223BF6870009851D /* PictureCell.swift in Sources */,
			);
			runOnlyForDeploymentPostprocessing = 0;
		};
/* End PBXSourcesBuildPhase section */

/* Begin PBXVariantGroup section */
		0A60AE912236CDD30093FD1E /* Pryaniky.storyboard */ = {
			isa = PBXVariantGroup;
			children = (
				0A60AE922236CDD30093FD1E /* Base */,
			);
			name = Pryaniky.storyboard;
			sourceTree = "<group>";
		};
		0A60AE962236CDD60093FD1E /* LaunchScreen.storyboard */ = {
			isa = PBXVariantGroup;
			children = (
				0A60AE972236CDD60093FD1E /* Base */,
			);
			name = LaunchScreen.storyboard;
			sourceTree = "<group>";
		};
/* End PBXVariantGroup section */

/* Begin XCBuildConfiguration section */
		0A60AE9A2236CDD60093FD1E /* Debug */ = {
			isa = XCBuildConfiguration;
			buildSettings = {
				ALWAYS_SEARCH_USER_PATHS = NO;
				CLANG_ANALYZER_NONNULL = YES;
				CLANG_ANALYZER_NUMBER_OBJECT_CONVERSION = YES_AGGRESSIVE;
				CLANG_CXX_LANGUAGE_STANDARD = "gnu++14";
				CLANG_CXX_LIBRARY = "libc++";
				CLANG_ENABLE_MODULES = YES;
				CLANG_ENABLE_OBJC_ARC = YES;
				CLANG_ENABLE_OBJC_WEAK = YES;
				CLANG_WARN_BLOCK_CAPTURE_AUTORELEASING = YES;
				CLANG_WARN_BOOL_CONVERSION = YES;
				CLANG_WARN_COMMA = YES;
				CLANG_WARN_CONSTANT_CONVERSION = YES;
				CLANG_WARN_DEPRECATED_OBJC_IMPLEMENTATIONS = YES;
				CLANG_WARN_DIRECT_OBJC_ISA_USAGE = YES_ERROR;
				CLANG_WARN_DOCUMENTATION_COMMENTS = YES;
				CLANG_WARN_EMPTY_BODY = YES;
				CLANG_WARN_ENUM_CONVERSION = YES;
				CLANG_WARN_INFINITE_RECURSION = YES;
				CLANG_WARN_INT_CONVERSION = YES;
				CLANG_WARN_NON_LITERAL_NULL_CONVERSION = YES;
				CLANG_WARN_OBJC_IMPLICIT_RETAIN_SELF = YES;
				CLANG_WARN_OBJC_LITERAL_CONVERSION = YES;
				CLANG_WARN_OBJC_ROOT_CLASS = YES_ERROR;
				CLANG_WARN_RANGE_LOOP_ANALYSIS = YES;
				CLANG_WARN_STRICT_PROTOTYPES = YES;
				CLANG_WARN_SUSPICIOUS_MOVE = YES;
				CLANG_WARN_UNGUARDED_AVAILABILITY = YES_AGGRESSIVE;
				CLANG_WARN_UNREACHABLE_CODE = YES;
				CLANG_WARN__DUPLICATE_METHOD_MATCH = YES;
				CODE_SIGN_IDENTITY = "iPhone Developer";
				COPY_PHASE_STRIP = NO;
				DEBUG_INFORMATION_FORMAT = dwarf;
				ENABLE_STRICT_OBJC_MSGSEND = YES;
				ENABLE_TESTABILITY = YES;
				GCC_C_LANGUAGE_STANDARD = gnu11;
				GCC_DYNAMIC_NO_PIC = NO;
				GCC_NO_COMMON_BLOCKS = YES;
				GCC_OPTIMIZATION_LEVEL = 0;
				GCC_PREPROCESSOR_DEFINITIONS = (
					"DEBUG=1",
					"$(inherited)",
				);
				GCC_WARN_64_TO_32_BIT_CONVERSION = YES;
				GCC_WARN_ABOUT_RETURN_TYPE = YES_ERROR;
				GCC_WARN_UNDECLARED_SELECTOR = YES;
				GCC_WARN_UNINITIALIZED_AUTOS = YES_AGGRESSIVE;
				GCC_WARN_UNUSED_FUNCTION = YES;
				GCC_WARN_UNUSED_VARIABLE = YES;
				IPHONEOS_DEPLOYMENT_TARGET = 12.1;
				MTL_ENABLE_DEBUG_INFO = INCLUDE_SOURCE;
				MTL_FAST_MATH = YES;
				ONLY_ACTIVE_ARCH = YES;
				SDKROOT = iphoneos;
				SWIFT_ACTIVE_COMPILATION_CONDITIONS = DEBUG;
				SWIFT_OPTIMIZATION_LEVEL = "-Onone";
			};
			name = Debug;
		};
		0A60AE9B2236CDD60093FD1E /* Release */ = {
			isa = XCBuildConfiguration;
			buildSettings = {
				ALWAYS_SEARCH_USER_PATHS = NO;
				CLANG_ANALYZER_NONNULL = YES;
				CLANG_ANALYZER_NUMBER_OBJECT_CONVERSION = YES_AGGRESSIVE;
				CLANG_CXX_LANGUAGE_STANDARD = "gnu++14";
				CLANG_CXX_LIBRARY = "libc++";
				CLANG_ENABLE_MODULES = YES;
				CLANG_ENABLE_OBJC_ARC = YES;
				CLANG_ENABLE_OBJC_WEAK = YES;
				CLANG_WARN_BLOCK_CAPTURE_AUTORELEASING = YES;
				CLANG_WARN_BOOL_CONVERSION = YES;
				CLANG_WARN_COMMA = YES;
				CLANG_WARN_CONSTANT_CONVERSION = YES;
				CLANG_WARN_DEPRECATED_OBJC_IMPLEMENTATIONS = YES;
				CLANG_WARN_DIRECT_OBJC_ISA_USAGE = YES_ERROR;
				CLANG_WARN_DOCUMENTATION_COMMENTS = YES;
				CLANG_WARN_EMPTY_BODY = YES;
				CLANG_WARN_ENUM_CONVERSION = YES;
				CLANG_WARN_INFINITE_RECURSION = YES;
				CLANG_WARN_INT_CONVERSION = YES;
				CLANG_WARN_NON_LITERAL_NULL_CONVERSION = YES;
				CLANG_WARN_OBJC_IMPLICIT_RETAIN_SELF = YES;
				CLANG_WARN_OBJC_LITERAL_CONVERSION = YES;
				CLANG_WARN_OBJC_ROOT_CLASS = YES_ERROR;
				CLANG_WARN_RANGE_LOOP_ANALYSIS = YES;
				CLANG_WARN_STRICT_PROTOTYPES = YES;
				CLANG_WARN_SUSPICIOUS_MOVE = YES;
				CLANG_WARN_UNGUARDED_AVAILABILITY = YES_AGGRESSIVE;
				CLANG_WARN_UNREACHABLE_CODE = YES;
				CLANG_WARN__DUPLICATE_METHOD_MATCH = YES;
				CODE_SIGN_IDENTITY = "iPhone Developer";
				COPY_PHASE_STRIP = NO;
				DEBUG_INFORMATION_FORMAT = "dwarf-with-dsym";
				ENABLE_NS_ASSERTIONS = NO;
				ENABLE_STRICT_OBJC_MSGSEND = YES;
				GCC_C_LANGUAGE_STANDARD = gnu11;
				GCC_NO_COMMON_BLOCKS = YES;
				GCC_WARN_64_TO_32_BIT_CONVERSION = YES;
				GCC_WARN_ABOUT_RETURN_TYPE = YES_ERROR;
				GCC_WARN_UNDECLARED_SELECTOR = YES;
				GCC_WARN_UNINITIALIZED_AUTOS = YES_AGGRESSIVE;
				GCC_WARN_UNUSED_FUNCTION = YES;
				GCC_WARN_UNUSED_VARIABLE = YES;
				IPHONEOS_DEPLOYMENT_TARGET = 12.1;
				MTL_ENABLE_DEBUG_INFO = NO;
				MTL_FAST_MATH = YES;
				SDKROOT = iphoneos;
				SWIFT_COMPILATION_MODE = wholemodule;
				SWIFT_OPTIMIZATION_LEVEL = "-O";
				VALIDATE_PRODUCT = YES;
			};
			name = Release;
		};
		0A60AE9D2236CDD60093FD1E /* Debug */ = {
			isa = XCBuildConfiguration;
			baseConfigurationReference = 158A23636600FFB935394964 /* Pods-PryanikyTest.debug.xcconfig */;
			buildSettings = {
				ASSETCATALOG_COMPILER_APPICON_NAME = AppIcon;
				CODE_SIGN_STYLE = Automatic;
				DEVELOPMENT_TEAM = VV5BQ776YB;
				INFOPLIST_FILE = "$(SRCROOT)/PryanikyTest/Supporting files/Info.plist";
				LD_RUNPATH_SEARCH_PATHS = (
					"$(inherited)",
					"@executable_path/Frameworks",
				);
				PRODUCT_BUNDLE_IDENTIFIER = com.madwor1d3.PryanikyTest;
				PRODUCT_NAME = "$(TARGET_NAME)";
				SWIFT_VERSION = 5.0;
				TARGETED_DEVICE_FAMILY = "1,2";
			};
			name = Debug;
		};
		0A60AE9E2236CDD60093FD1E /* Release */ = {
			isa = XCBuildConfiguration;
			baseConfigurationReference = 50BEF4C38EAC4F907DEBA6C9 /* Pods-PryanikyTest.release.xcconfig */;
			buildSettings = {
				ASSETCATALOG_COMPILER_APPICON_NAME = AppIcon;
				CODE_SIGN_STYLE = Automatic;
				DEVELOPMENT_TEAM = VV5BQ776YB;
				INFOPLIST_FILE = "$(SRCROOT)/PryanikyTest/Supporting files/Info.plist";
				LD_RUNPATH_SEARCH_PATHS = (
					"$(inherited)",
					"@executable_path/Frameworks",
				);
				PRODUCT_BUNDLE_IDENTIFIER = com.madwor1d3.PryanikyTest;
				PRODUCT_NAME = "$(TARGET_NAME)";
				SWIFT_VERSION = 5.0;
				TARGETED_DEVICE_FAMILY = "1,2";
			};
			name = Release;
		};
/* End XCBuildConfiguration section */

/* Begin XCConfigurationList section */
		0A60AE852236CDD30093FD1E /* Build configuration list for PBXProject "PryanikyTest" */ = {
			isa = XCConfigurationList;
			buildConfigurations = (
				0A60AE9A2236CDD60093FD1E /* Debug */,
				0A60AE9B2236CDD60093FD1E /* Release */,
			);
			defaultConfigurationIsVisible = 0;
			defaultConfigurationName = Release;
		};
		0A60AE9C2236CDD60093FD1E /* Build configuration list for PBXNativeTarget "PryanikyTest" */ = {
			isa = XCConfigurationList;
			buildConfigurations = (
				0A60AE9D2236CDD60093FD1E /* Debug */,
				0A60AE9E2236CDD60093FD1E /* Release */,
			);
			defaultConfigurationIsVisible = 0;
			defaultConfigurationName = Release;
		};
/* End XCConfigurationList section */
	};
	rootObject = 0A60AE822236CDD30093FD1E /* Project object */;
}
